Microsoft Visual Studio Solution File, Format Version 12.00
# Visual Studio Version 17
VisualStudioVersion = 17.5.2.0
MinimumVisualStudioVersion = 10.0.40219.1
Project("{FAE04EC0-301F-11D3-BF4B-00C04F79EFBC}") = "Hms.Web", "Hms.Web.csproj", "{638923DF-F4EA-4EA3-3BDD-3FC1911B7185}"
EndProject
Global
	GlobalSection(SolutionConfigurationPlatforms) = preSolution
		Debug|Any CPU = Debug|Any CPU
		Release|Any CPU = Release|Any CPU
	EndGlobalSection
	GlobalSection(ProjectConfigurationPlatforms) = postSolution
		{638923DF-F4EA-4EA3-3BDD-3FC1911B7185}.Debug|Any CPU.ActiveCfg = Debug|Any CPU
		{638923DF-F4EA-4EA3-3BDD-3FC1911B7185}.Debug|Any CPU.Build.0 = Debug|Any CPU
		{638923DF-F4EA-4EA3-3BDD-3FC1911B7185}.Release|Any CPU.ActiveCfg = Release|Any CPU
		{638923DF-F4EA-4EA3-3BDD-3FC1911B7185}.Release|Any CPU.Build.0 = Release|Any CPU
	EndGlobalSection
	GlobalSection(SolutionProperties) = preSolution
		HideSolutionNode = FALSE
	EndGlobalSection
	GlobalSection(ExtensibilityGlobals) = postSolution
		SolutionGuid = {3E475C77-D233-47F1-8284-8F8350B23772}
	EndGlobalSection
EndGlobal
